<?xml version="1.0" encoding="utf-8"?>
<Project ToolsVersion="4.0" xmlns="http://schemas.microsoft.com/developer/msbuild/2003">
  <ItemGroup>
    <ClCompile Include="period_search\covsrt.c" />
    <ClCompile Include="period_search\host_dot_product.c" />
    <ClCompile Include="period_search\lubksb.c" />
    <ClCompile Include="period_search\ludcmp.c" />
    <ClCompile Include="period_search\memory.c" />
    <ClCompile Include="period_search\phasec.c" />
    <ClCompile Include="period_search\stdafx.cpp" />
    <ClCompile Include="period_search\trifac.c" />
    <ClCompile Include="period_search\areanorm.cpp" />
    <ClCompile Include="period_search\cpp.hint" />
    <ClCompile Include="period_search\ellfit.cpp" />
    <ClCompile Include="period_search\FreqContext.cpp" />
    <ClCompile Include="period_search\period_search_BOINC.cpp" />
    <ClCompile Include="period_search\sphfunc.cpp" />
    <ClCompile Include="period_search\Start_OpenCl.cpp">
      <Filter>Source files</Filter>
    </ClCompile>
    <ClCompile Include="period_search\VersionInfo.cpp">
      <Filter>Source files</Filter>
    </ClCompile>
  </ItemGroup>
  <ItemGroup>
    <ClInclude Include="period_search\Start_OpenCl.h">
      <Filter>Header files</Filter>
    </ClInclude>
    <ClInclude Include="period_search\constants.h">
      <Filter>Header files</Filter>
    </ClInclude>
    <ClInclude Include="period_search\declarations_OpenCl.h">
      <Filter>Header files</Filter>
    </ClInclude>
    <ClInclude Include="period_search\globals.h">
      <Filter>Header files</Filter>
    </ClInclude>
    <ClInclude Include="period_search\uc2.h">
      <Filter>Header files</Filter>
    </ClInclude>
    <ClInclude Include="period_search\stdafx.h">
      <Filter>Header files</Filter>
    </ClInclude>
    <ClInclude Include="period_search\targetver.h">
      <Filter>Header files</Filter>
    </ClInclude>
    <ClInclude Include="period_search\Start.h">
      <Filter>Header files</Filter>
    </ClInclude>
    <ClInclude Include="period_search\Globals_OpenCl.h">
      <Filter>Header files</Filter>
    </ClInclude>
    <ClInclude Include="period_search\Version.h">
      <Filter>Header files</Filter>
    </ClInclude>
    <ClInclude Include="period_search\resource.h">
      <Filter>Header files</Filter>
    </ClInclude>
    <ClInclude Include="period_search\declarations.hpp">
      <Filter>Header files</Filter>
    </ClInclude>
  </ItemGroup>
  <ItemGroup>
    <None Include="period_search\clear_files.bat" />
    <None Include="period_search\dave.cl" />
    <None Include="period_search\period_search_in" />
    <None Include="period_search\sig2iwght.cl" />
    <None Include="period_search\Start.cl">
      <Filter>Source files</Filter>
    </None>
    <None Include="period_search\mrqcof.cl">
      <Filter>Source files</Filter>
    </None>
    <None Include="period_search\blmatrix.cl">
      <Filter>Source files</Filter>
    </None>
    <None Include="period_search\Globals.hcl">
      <Filter>Header files</Filter>
    </None>
    <None Include="period_search\bright.cl">
      <Filter>Source files</Filter>
    </None>
    <None Include="period_search\conv.cl">
      <Filter>Source files</Filter>
    </None>
    <None Include="period_search\CLCalculateIter1Mrqcof1Start.cl">
      <Filter>Source files</Filter>
    </None>
    <None Include="period_search\Intrnsics.cl">
      <Filter>Source files</Filter>
    </None>
    <None Include="period_search\gauss_errc.cl">
      <Filter>Source files</Filter>
    </None>
    <None Include="period_search\Curv2.cl">
      <Filter>Source files</Filter>
    </None>
    <None Include="period_search\curv.cl">
      <Filter>Source files</Filter>
    </None>
    <None Include="period_search\mrqmin.cl">
      <Filter>Source files</Filter>
    </None>
  </ItemGroup>
  <ItemGroup>
    <Text Include="period_search\ReadMe.txt" />
  </ItemGroup>
  <ItemGroup>
    <Filter Include="Header files">
      <UniqueIdentifier>{b485bbff-9eeb-4e7a-8f5e-5e1cd8d719d6}</UniqueIdentifier>
    </Filter>
    <Filter Include="Source files">
      <UniqueIdentifier>{f5c6aeed-1811-4f1b-8211-a477d7374e4f}</UniqueIdentifier>
    </Filter>
    <Filter Include="Resource files">
      <UniqueIdentifier>{751662c0-2228-4389-94d0-6c8e656fa4ea}</UniqueIdentifier>
    </Filter>
  </ItemGroup>
  <ItemGroup>
    <ResourceCompile Include="period_search\psopenclamd_vs2019.rc">
      <Filter>Resource files</Filter>
    </ResourceCompile>
  </ItemGroup>
  <ItemGroup>
    <Image Include="logo_Nta_icon.ico" />
    <Image Include="period_search\logo_Nta_icon.ico" />
  </ItemGroup>
</Project>